
Microsoft Visual Studio Solution File, Format Version 12.00
# Visual Studio Version 17
VisualStudioVersion = 17.0.31903.59
MinimumVisualStudioVersion = 10.0.40219.1
Project("{9A19103F-16F7-4668-BE54-9A1E7A4F7556}") = "Movies.Api", "Movies.Api\Movies.Api.csproj", "{5B23094D-4A99-42A4-8BDF-9449C15792C8}"
EndProject
Project("{9A19103F-16F7-4668-BE54-9A1E7A4F7556}") = "Movies.BL", "Movies.BL\Movies.BL.csproj", "{CFB42E41-BD14-4860-8411-49F284527CF8}"
EndProject
Project("{9A19103F-16F7-4668-BE54-9A1E7A4F7556}") = "Movies.DAL", "Movies.DAL\Movies.DAL.csproj", "{B2998F98-A4D7-42CA-A563-C1B2D3541FE6}"
EndProject
Global
	GlobalSection(SolutionConfigurationPlatforms) = preSolution
		Debug|Any CPU = Debug|Any CPU
		Release|Any CPU = Release|Any CPU
	EndGlobalSection
	GlobalSection(ProjectConfigurationPlatforms) = postSolution
		{5B23094D-4A99-42A4-8BDF-9449C15792C8}.Debug|Any CPU.ActiveCfg = Debug|Any CPU
		{5B23094D-4A99-42A4-8BDF-9449C15792C8}.Debug|Any CPU.Build.0 = Debug|Any CPU
		{5B23094D-4A99-42A4-8BDF-9449C15792C8}.Release|Any CPU.ActiveCfg = Release|Any CPU
		{5B23094D-4A99-42A4-8BDF-9449C15792C8}.Release|Any CPU.Build.0 = Release|Any CPU
		{CFB42E41-BD14-4860-8411-49F284527CF8}.Debug|Any CPU.ActiveCfg = Debug|Any CPU
		{CFB42E41-BD14-4860-8411-49F284527CF8}.Debug|Any CPU.Build.0 = Debug|Any CPU
		{CFB42E41-BD14-4860-8411-49F284527CF8}.Release|Any CPU.ActiveCfg = Release|Any CPU
		{CFB42E41-BD14-4860-8411-49F284527CF8}.Release|Any CPU.Build.0 = Release|Any CPU
		{B2998F98-A4D7-42CA-A563-C1B2D3541FE6}.Debug|Any CPU.ActiveCfg = Debug|Any CPU
		{B2998F98-A4D7-42CA-A563-C1B2D3541FE6}.Debug|Any CPU.Build.0 = Debug|Any CPU
		{B2998F98-A4D7-42CA-A563-C1B2D3541FE6}.Release|Any CPU.ActiveCfg = Release|Any CPU
		{B2998F98-A4D7-42CA-A563-C1B2D3541FE6}.Release|Any CPU.Build.0 = Release|Any CPU
	EndGlobalSection
	GlobalSection(SolutionProperties) = preSolution
		HideSolutionNode = FALSE
	EndGlobalSection
	GlobalSection(ExtensibilityGlobals) = postSolution
		SolutionGuid = {F9BCC942-A427-4C55-9E3F-AD7CDED2390A}
	EndGlobalSection
EndGlobal
